
Microsoft Visual Studio Solution File, Format Version 12.00
# Visual Studio Version 17
VisualStudioVersion = 17.9.34616.47
MinimumVisualStudioVersion = 10.0.40219.1
Project("{9A19103F-16F7-4668-BE54-9A1E7A4F7556}") = "Template.CleanArchitecture.Application", "Template.CleanArchitecture.Application\Template.CleanArchitecture.Application.csproj", "{09FD03C7-F5DD-4995-9048-94CA286536EB}"
EndProject
Project("{9A19103F-16F7-4668-BE54-9A1E7A4F7556}") = "Template.CleanArchitecture.Domain", "Template.CleanArchitecture.Domain\Template.CleanArchitecture.Domain.csproj", "{6D72F0C2-A525-48FB-AF15-71BE862268AA}"
EndProject
Project("{9A19103F-16F7-4668-BE54-9A1E7A4F7556}") = "Template.CleanArchitecture.Infrastructure", "Template.CleanArchitecture.Infrastructure\Template.CleanArchitecture.Infrastructure.csproj", "{CBCA777A-B06E-47C5-8635-1060CB6CC69D}"
EndProject
Project("{9A19103F-16F7-4668-BE54-9A1E7A4F7556}") = "Template.CleanArchitecture.Presistance", "Template.CleanArchitecture.Presistance\Template.CleanArchitecture.Presistance.csproj", "{A8EB271E-81C8-4CD7-A5AE-ACB06EDF04D5}"
EndProject
Project("{9A19103F-16F7-4668-BE54-9A1E7A4F7556}") = "Template.CleanArchitecture.Core", "Template.CleanArchitecture.Core\Template.CleanArchitecture.Core.csproj", "{8C892C5A-3E29-4425-8B1B-CB9408C4E7D3}"
EndProject
Project("{FAE04EC0-301F-11D3-BF4B-00C04F79EFBC}") = "Template.CleanArchitecture.WebApi", "Template.CleanArchitecture.WebApi\Template.CleanArchitecture.WebApi.csproj", "{0BBDFE16-8C26-4EB7-884C-A14007C00D1D}"
EndProject
Global
	GlobalSection(SolutionConfigurationPlatforms) = preSolution
		Debug|Any CPU = Debug|Any CPU
		Release|Any CPU = Release|Any CPU
	EndGlobalSection
	GlobalSection(ProjectConfigurationPlatforms) = postSolution
		{09FD03C7-F5DD-4995-9048-94CA286536EB}.Debug|Any CPU.ActiveCfg = Debug|Any CPU
		{09FD03C7-F5DD-4995-9048-94CA286536EB}.Debug|Any CPU.Build.0 = Debug|Any CPU
		{09FD03C7-F5DD-4995-9048-94CA286536EB}.Release|Any CPU.ActiveCfg = Release|Any CPU
		{09FD03C7-F5DD-4995-9048-94CA286536EB}.Release|Any CPU.Build.0 = Release|Any CPU
		{6D72F0C2-A525-48FB-AF15-71BE862268AA}.Debug|Any CPU.ActiveCfg = Debug|Any CPU
		{6D72F0C2-A525-48FB-AF15-71BE862268AA}.Debug|Any CPU.Build.0 = Debug|Any CPU
		{6D72F0C2-A525-48FB-AF15-71BE862268AA}.Release|Any CPU.ActiveCfg = Release|Any CPU
		{6D72F0C2-A525-48FB-AF15-71BE862268AA}.Release|Any CPU.Build.0 = Release|Any CPU
		{CBCA777A-B06E-47C5-8635-1060CB6CC69D}.Debug|Any CPU.ActiveCfg = Debug|Any CPU
		{CBCA777A-B06E-47C5-8635-1060CB6CC69D}.Debug|Any CPU.Build.0 = Debug|Any CPU
		{CBCA777A-B06E-47C5-8635-1060CB6CC69D}.Release|Any CPU.ActiveCfg = Release|Any CPU
		{CBCA777A-B06E-47C5-8635-1060CB6CC69D}.Release|Any CPU.Build.0 = Release|Any CPU
		{A8EB271E-81C8-4CD7-A5AE-ACB06EDF04D5}.Debug|Any CPU.ActiveCfg = Debug|Any CPU
		{A8EB271E-81C8-4CD7-A5AE-ACB06EDF04D5}.Debug|Any CPU.Build.0 = Debug|Any CPU
		{A8EB271E-81C8-4CD7-A5AE-ACB06EDF04D5}.Release|Any CPU.ActiveCfg = Release|Any CPU
		{A8EB271E-81C8-4CD7-A5AE-ACB06EDF04D5}.Release|Any CPU.Build.0 = Release|Any CPU
		{8C892C5A-3E29-4425-8B1B-CB9408C4E7D3}.Debug|Any CPU.ActiveCfg = Debug|Any CPU
		{8C892C5A-3E29-4425-8B1B-CB9408C4E7D3}.Debug|Any CPU.Build.0 = Debug|Any CPU
		{8C892C5A-3E29-4425-8B1B-CB9408C4E7D3}.Release|Any CPU.ActiveCfg = Release|Any CPU
		{8C892C5A-3E29-4425-8B1B-CB9408C4E7D3}.Release|Any CPU.Build.0 = Release|Any CPU
		{0BBDFE16-8C26-4EB7-884C-A14007C00D1D}.Debug|Any CPU.ActiveCfg = Debug|Any CPU
		{0BBDFE16-8C26-4EB7-884C-A14007C00D1D}.Debug|Any CPU.Build.0 = Debug|Any CPU
		{0BBDFE16-8C26-4EB7-884C-A14007C00D1D}.Release|Any CPU.ActiveCfg = Release|Any CPU
		{0BBDFE16-8C26-4EB7-884C-A14007C00D1D}.Release|Any CPU.Build.0 = Release|Any CPU
	EndGlobalSection
	GlobalSection(SolutionProperties) = preSolution
		HideSolutionNode = FALSE
	EndGlobalSection
	GlobalSection(ExtensibilityGlobals) = postSolution
		SolutionGuid = {3FD55E01-163E-44AF-A1C7-8B84779899D2}
	EndGlobalSection
EndGlobal
